
Microsoft Visual Studio Solution File, Format Version 12.00
# Visual Studio Version 17
VisualStudioVersion = 17.12.35707.178 d17.12
MinimumVisualStudioVersion = 10.0.40219.1
Project("{FAE04EC0-301F-11D3-BF4B-00C04F79EFBC}") = "WebAPI", "WebAPI\WebAPI.csproj", "{CF7FB68B-778C-4A51-BABA-5E242CB8E63D}"
EndProject
Project("{FAE04EC0-301F-11D3-BF4B-00C04F79EFBC}") = "Core", "Core\Core.csproj", "{DAB62AB1-5386-4B79-9F4D-B82880818A3C}"
EndProject
Project("{FAE04EC0-301F-11D3-BF4B-00C04F79EFBC}") = "Application", "Application\Application.csproj", "{368CA975-E966-411F-973E-E7CEAB931CD4}"
EndProject
Project("{FAE04EC0-301F-11D3-BF4B-00C04F79EFBC}") = "Infrastructure", "Infrastructure\Infrastructure.csproj", "{FF2E2D5E-253F-4884-9060-A8EE236D1D9E}"
EndProject
Global
	GlobalSection(SolutionConfigurationPlatforms) = preSolution
		Debug|Any CPU = Debug|Any CPU
		Release|Any CPU = Release|Any CPU
	EndGlobalSection
	GlobalSection(ProjectConfigurationPlatforms) = postSolution
		{CF7FB68B-778C-4A51-BABA-5E242CB8E63D}.Debug|Any CPU.ActiveCfg = Debug|Any CPU
		{CF7FB68B-778C-4A51-BABA-5E242CB8E63D}.Debug|Any CPU.Build.0 = Debug|Any CPU
		{CF7FB68B-778C-4A51-BABA-5E242CB8E63D}.Release|Any CPU.ActiveCfg = Release|Any CPU
		{CF7FB68B-778C-4A51-BABA-5E242CB8E63D}.Release|Any CPU.Build.0 = Release|Any CPU
		{DAB62AB1-5386-4B79-9F4D-B82880818A3C}.Debug|Any CPU.ActiveCfg = Debug|Any CPU
		{DAB62AB1-5386-4B79-9F4D-B82880818A3C}.Debug|Any CPU.Build.0 = Debug|Any CPU
		{DAB62AB1-5386-4B79-9F4D-B82880818A3C}.Release|Any CPU.ActiveCfg = Release|Any CPU
		{DAB62AB1-5386-4B79-9F4D-B82880818A3C}.Release|Any CPU.Build.0 = Release|Any CPU
		{368CA975-E966-411F-973E-E7CEAB931CD4}.Debug|Any CPU.ActiveCfg = Debug|Any CPU
		{368CA975-E966-411F-973E-E7CEAB931CD4}.Debug|Any CPU.Build.0 = Debug|Any CPU
		{368CA975-E966-411F-973E-E7CEAB931CD4}.Release|Any CPU.ActiveCfg = Release|Any CPU
		{368CA975-E966-411F-973E-E7CEAB931CD4}.Release|Any CPU.Build.0 = Release|Any CPU
		{FF2E2D5E-253F-4884-9060-A8EE236D1D9E}.Debug|Any CPU.ActiveCfg = Debug|Any CPU
		{FF2E2D5E-253F-4884-9060-A8EE236D1D9E}.Debug|Any CPU.Build.0 = Debug|Any CPU
		{FF2E2D5E-253F-4884-9060-A8EE236D1D9E}.Release|Any CPU.ActiveCfg = Release|Any CPU
		{FF2E2D5E-253F-4884-9060-A8EE236D1D9E}.Release|Any CPU.Build.0 = Release|Any CPU
	EndGlobalSection
	GlobalSection(SolutionProperties) = preSolution
		HideSolutionNode = FALSE
	EndGlobalSection
EndGlobal
